{
  "name": "@topogram/extractor-storybook-design",
  "version": "0.1.1",
  "lockfileVersion": 3,
  "requires": true,
  "packages": {
    "": {
      "name": "@topogram/extractor-storybook-design",
      "version": "0.1.1",
      "license": "Apache-2.0",
      "devDependencies": {
        "@topogram/cli": "^0.3.118"
      }
    },
    "node_modules/@topogram/cli": {
      "version": "0.3.118",
      "resolved": "https://registry.npmjs.org/@topogram/cli/-/cli-0.3.118.tgz",
      "integrity": "sha512-k79FtUzXcWnQp9kVy/0he93vA+4WkcyCRB3vpBPHBWUAK3xCYmCfyiL/gWHtkO9tnNOI/s9hQmTmuLfX+T+a/A==",
      "dev": true,
      "license": "Apache-2.0",
      "bin": {
        "topogram": "src/cli.js"
      },
      "engines": {
        "node": ">=20"
      }
    }
  }
}
