{
  "name": "@topogram/extractor-storybook-design",
  "version": "0.1.1",
  "lockfileVersion": 3,
  "requires": true,
  "packages": {
    "": {
      "name": "@topogram/extractor-storybook-design",
      "version": "0.1.1",
      "license": "Apache-2.0",
      "devDependencies": {
        "@topogram/cli": "^0.3.120"
      }
    },
    "node_modules/@topogram/cli": {
      "version": "0.3.120",
      "resolved": "https://registry.npmjs.org/@topogram/cli/-/cli-0.3.120.tgz",
      "integrity": "sha512-u48SyS4USy7AoSSfZXkze2336/38e7yMymD5h0jhuDOlovFljmcq/S0EVQSdQrJiVSXe+9NxlXy20zI1tnIUjw==",
      "dev": true,
      "license": "Apache-2.0",
      "bin": {
        "topogram": "src/cli.js"
      },
      "engines": {
        "node": ">=20"
      }
    }
  }
}
